
Microsoft Visual Studio Solution File, Format Version 12.00
# Visual Studio Version 16
VisualStudioVersion = 16.0.33927.289
MinimumVisualStudioVersion = 10.0.40219.1
Project("{2150E333-8FDC-42A3-9474-1A3956D46DE8}") = "task0", "task0", "{D4CA3FA5-4C9C-4DC9-8BBB-8F1D67F5C485}"
EndProject
Project("{FAE04EC0-301F-11D3-BF4B-00C04F79EFBC}") = "Tyuiu.MotorovaDD.Sprint6.Task0.V25.Lib", "Tyuiu.MotorovaDD.Sprint6.Task0.V25.Lib\Tyuiu.MotorovaDD.Sprint6.Task0.V25.Lib.csproj", "{FA120CF8-B1E8-4206-8F3C-E6FFC962E9D9}"
EndProject
Project("{FAE04EC0-301F-11D3-BF4B-00C04F79EFBC}") = "Tyuiu.MotorovaDD.Sprint6.Task0.V25.Test", "Tyuiu.MotorovaDD.Sprint6.Task0.V25.Test\Tyuiu.MotorovaDD.Sprint6.Task0.V25.Test.csproj", "{E2221A2C-DCFC-406B-8896-D42D06044417}"
EndProject
Project("{FAE04EC0-301F-11D3-BF4B-00C04F79EFBC}") = "Tyuiu.MotorovaDD.Sprint6.Task0.V25", "Tyuiu.MotorovaDD.Sprint6.Task0.V25\Tyuiu.MotorovaDD.Sprint6.Task0.V25.csproj", "{A0706E7D-0EC3-40D0-A184-5EBCC1AC6DC8}"
EndProject
Project("{2150E333-8FDC-42A3-9474-1A3956D46DE8}") = "task1", "task1", "{306E9D12-E3DC-4A0B-8F61-90E810D2D913}"
EndProject
Project("{FAE04EC0-301F-11D3-BF4B-00C04F79EFBC}") = "Tyuiu.MotorovaDD.Sprint6.Task1.V5", "Tyuiu.MotorovaDD.Sprint6.Task1.V5\Tyuiu.MotorovaDD.Sprint6.Task1.V5.csproj", "{054CFCFF-52A8-4249-98FA-7179485ED815}"
EndProject
Project("{FAE04EC0-301F-11D3-BF4B-00C04F79EFBC}") = "Tyuiu.MotorovaDD.Sprint6.Task1.V5.Test", "Tyuiu.MotorovaDD.Sprint6.Task1.V5.Test\Tyuiu.MotorovaDD.Sprint6.Task1.V5.Test.csproj", "{D4B966AE-87CD-4EE9-B27F-FA9E2F5ACBB0}"
EndProject
Project("{FAE04EC0-301F-11D3-BF4B-00C04F79EFBC}") = "Tyuiu.MotorovaDD.Sprint6.Task1.V5.Lib", "Tyuiu.MotorovaDD.Sprint6.Task1.V5.Lib\Tyuiu.MotorovaDD.Sprint6.Task1.V5.Lib.csproj", "{D6D191BC-E178-4804-828E-035073CBD97E}"
EndProject
Global
	GlobalSection(SolutionConfigurationPlatforms) = preSolution
		Debug|Any CPU = Debug|Any CPU
		Release|Any CPU = Release|Any CPU
	EndGlobalSection
	GlobalSection(ProjectConfigurationPlatforms) = postSolution
		{FA120CF8-B1E8-4206-8F3C-E6FFC962E9D9}.Debug|Any CPU.ActiveCfg = Debug|Any CPU
		{FA120CF8-B1E8-4206-8F3C-E6FFC962E9D9}.Debug|Any CPU.Build.0 = Debug|Any CPU
		{FA120CF8-B1E8-4206-8F3C-E6FFC962E9D9}.Release|Any CPU.ActiveCfg = Release|Any CPU
		{FA120CF8-B1E8-4206-8F3C-E6FFC962E9D9}.Release|Any CPU.Build.0 = Release|Any CPU
		{E2221A2C-DCFC-406B-8896-D42D06044417}.Debug|Any CPU.ActiveCfg = Debug|Any CPU
		{E2221A2C-DCFC-406B-8896-D42D06044417}.Debug|Any CPU.Build.0 = Debug|Any CPU
		{E2221A2C-DCFC-406B-8896-D42D06044417}.Release|Any CPU.ActiveCfg = Release|Any CPU
		{E2221A2C-DCFC-406B-8896-D42D06044417}.Release|Any CPU.Build.0 = Release|Any CPU
		{A0706E7D-0EC3-40D0-A184-5EBCC1AC6DC8}.Debug|Any CPU.ActiveCfg = Debug|Any CPU
		{A0706E7D-0EC3-40D0-A184-5EBCC1AC6DC8}.Debug|Any CPU.Build.0 = Debug|Any CPU
		{A0706E7D-0EC3-40D0-A184-5EBCC1AC6DC8}.Release|Any CPU.ActiveCfg = Release|Any CPU
		{A0706E7D-0EC3-40D0-A184-5EBCC1AC6DC8}.Release|Any CPU.Build.0 = Release|Any CPU
		{054CFCFF-52A8-4249-98FA-7179485ED815}.Debug|Any CPU.ActiveCfg = Debug|Any CPU
		{054CFCFF-52A8-4249-98FA-7179485ED815}.Debug|Any CPU.Build.0 = Debug|Any CPU
		{054CFCFF-52A8-4249-98FA-7179485ED815}.Release|Any CPU.ActiveCfg = Release|Any CPU
		{054CFCFF-52A8-4249-98FA-7179485ED815}.Release|Any CPU.Build.0 = Release|Any CPU
		{D4B966AE-87CD-4EE9-B27F-FA9E2F5ACBB0}.Debug|Any CPU.ActiveCfg = Debug|Any CPU
		{D4B966AE-87CD-4EE9-B27F-FA9E2F5ACBB0}.Debug|Any CPU.Build.0 = Debug|Any CPU
		{D4B966AE-87CD-4EE9-B27F-FA9E2F5ACBB0}.Release|Any CPU.ActiveCfg = Release|Any CPU
		{D4B966AE-87CD-4EE9-B27F-FA9E2F5ACBB0}.Release|Any CPU.Build.0 = Release|Any CPU
		{D6D191BC-E178-4804-828E-035073CBD97E}.Debug|Any CPU.ActiveCfg = Debug|Any CPU
		{D6D191BC-E178-4804-828E-035073CBD97E}.Debug|Any CPU.Build.0 = Debug|Any CPU
		{D6D191BC-E178-4804-828E-035073CBD97E}.Release|Any CPU.ActiveCfg = Release|Any CPU
		{D6D191BC-E178-4804-828E-035073CBD97E}.Release|Any CPU.Build.0 = Release|Any CPU
	EndGlobalSection
	GlobalSection(SolutionProperties) = preSolution
		HideSolutionNode = FALSE
	EndGlobalSection
	GlobalSection(NestedProjects) = preSolution
		{FA120CF8-B1E8-4206-8F3C-E6FFC962E9D9} = {D4CA3FA5-4C9C-4DC9-8BBB-8F1D67F5C485}
		{E2221A2C-DCFC-406B-8896-D42D06044417} = {D4CA3FA5-4C9C-4DC9-8BBB-8F1D67F5C485}
		{A0706E7D-0EC3-40D0-A184-5EBCC1AC6DC8} = {D4CA3FA5-4C9C-4DC9-8BBB-8F1D67F5C485}
		{054CFCFF-52A8-4249-98FA-7179485ED815} = {306E9D12-E3DC-4A0B-8F61-90E810D2D913}
		{D4B966AE-87CD-4EE9-B27F-FA9E2F5ACBB0} = {306E9D12-E3DC-4A0B-8F61-90E810D2D913}
		{D6D191BC-E178-4804-828E-035073CBD97E} = {306E9D12-E3DC-4A0B-8F61-90E810D2D913}
	EndGlobalSection
	GlobalSection(ExtensibilityGlobals) = postSolution
		SolutionGuid = {C11225D3-7F9C-446E-99C5-9FDA65AA981E}
	EndGlobalSection
EndGlobal
