
Microsoft Visual Studio Solution File, Format Version 12.00
# Visual Studio Version 16
VisualStudioVersion = 16.0.33927.289
MinimumVisualStudioVersion = 10.0.40219.1
Project("{2150E333-8FDC-42A3-9474-1A3956D46DE8}") = "task0", "task0", "{D4CA3FA5-4C9C-4DC9-8BBB-8F1D67F5C485}"
EndProject
Project("{FAE04EC0-301F-11D3-BF4B-00C04F79EFBC}") = "Tyuiu.MotorovaDD.Sprint6.Task0.V25.Lib", "Tyuiu.MotorovaDD.Sprint6.Task0.V25.Lib\Tyuiu.MotorovaDD.Sprint6.Task0.V25.Lib.csproj", "{FA120CF8-B1E8-4206-8F3C-E6FFC962E9D9}"
EndProject
Project("{FAE04EC0-301F-11D3-BF4B-00C04F79EFBC}") = "Tyuiu.MotorovaDD.Sprint6.Task0.V25.Test", "Tyuiu.MotorovaDD.Sprint6.Task0.V25.Test\Tyuiu.MotorovaDD.Sprint6.Task0.V25.Test.csproj", "{E2221A2C-DCFC-406B-8896-D42D06044417}"
EndProject
Project("{FAE04EC0-301F-11D3-BF4B-00C04F79EFBC}") = "Tyuiu.MotorovaDD.Sprint6.Task0.V25", "Tyuiu.MotorovaDD.Sprint6.Task0.V25\Tyuiu.MotorovaDD.Sprint6.Task0.V25.csproj", "{A0706E7D-0EC3-40D0-A184-5EBCC1AC6DC8}"
EndProject
Project("{2150E333-8FDC-42A3-9474-1A3956D46DE8}") = "task1", "task1", "{306E9D12-E3DC-4A0B-8F61-90E810D2D913}"
EndProject
Project("{FAE04EC0-301F-11D3-BF4B-00C04F79EFBC}") = "Tyuiu.MotorovaDD.Sprint6.Task1.V5", "Tyuiu.MotorovaDD.Sprint6.Task1.V5\Tyuiu.MotorovaDD.Sprint6.Task1.V5.csproj", "{054CFCFF-52A8-4249-98FA-7179485ED815}"
EndProject
Project("{FAE04EC0-301F-11D3-BF4B-00C04F79EFBC}") = "Tyuiu.MotorovaDD.Sprint6.Task1.V5.Test", "Tyuiu.MotorovaDD.Sprint6.Task1.V5.Test\Tyuiu.MotorovaDD.Sprint6.Task1.V5.Test.csproj", "{D4B966AE-87CD-4EE9-B27F-FA9E2F5ACBB0}"
EndProject
Project("{FAE04EC0-301F-11D3-BF4B-00C04F79EFBC}") = "Tyuiu.MotorovaDD.Sprint6.Task1.V5.Lib", "Tyuiu.MotorovaDD.Sprint6.Task1.V5.Lib\Tyuiu.MotorovaDD.Sprint6.Task1.V5.Lib.csproj", "{D6D191BC-E178-4804-828E-035073CBD97E}"
EndProject
Project("{2150E333-8FDC-42A3-9474-1A3956D46DE8}") = "task2", "task2", "{4B932045-3375-428F-9795-BED1702B1122}"
EndProject
Project("{FAE04EC0-301F-11D3-BF4B-00C04F79EFBC}") = "Tyuiu.MotorovaDD.Sprint6.Task2.V25.Lib", "Tyuiu.MotorovaDD.Sprint6.Task2.V25.Lib\Tyuiu.MotorovaDD.Sprint6.Task2.V25.Lib.csproj", "{C97D74D2-765A-480E-95D2-ECB0C8A33F1C}"
EndProject
Project("{FAE04EC0-301F-11D3-BF4B-00C04F79EFBC}") = "Tyuiu.MotorovaDD.Sprint6.Task2.V25", "Tyuiu.MotorovaDD.Sprint6.Task2.V25\Tyuiu.MotorovaDD.Sprint6.Task2.V25.csproj", "{9ED7ACF7-71FC-4424-B62E-D8D1BBF29B43}"
EndProject
Project("{FAE04EC0-301F-11D3-BF4B-00C04F79EFBC}") = "Tyuiu.MotorovaDD.Sprint6.Task2.V25.Test", "Tyuiu.MotorovaDD.Sprint6.Task2.V25.Test\Tyuiu.MotorovaDD.Sprint6.Task2.V25.Test.csproj", "{C0A17504-FF91-4F84-9CB0-D3D9C642AF4A}"
EndProject
Project("{2150E333-8FDC-42A3-9474-1A3956D46DE8}") = "task3", "task3", "{80F946C6-3012-4D53-A0CF-771711B60AEC}"
EndProject
Project("{FAE04EC0-301F-11D3-BF4B-00C04F79EFBC}") = "Tyuiu.MotorovaDD.Sprint6.Task3.V29.Test", "Tyuiu.MotorovaDD.Sprint6.Task3.V29.Test\Tyuiu.MotorovaDD.Sprint6.Task3.V29.Test.csproj", "{5EDF3DAB-807C-41F3-A21F-191EE3407CE5}"
EndProject
Project("{FAE04EC0-301F-11D3-BF4B-00C04F79EFBC}") = "Tyuiu.MotorovaDD.Sprint6.Task3.V29.Lib", "Tyuiu.MotorovaDD.Sprint6.Task3.V29.Lib\Tyuiu.MotorovaDD.Sprint6.Task3.V29.Lib.csproj", "{0E9F7621-F2A0-4E6A-8C2E-816DF1FE0A62}"
EndProject
Project("{FAE04EC0-301F-11D3-BF4B-00C04F79EFBC}") = "Tyuiu.MotorovaDD.Sprint6.Task3.V29", "Tyuiu.MotorovaDD.Sprint6.Task3.V29\Tyuiu.MotorovaDD.Sprint6.Task3.V29.csproj", "{B649F053-A905-43F3-92E1-A3A0B1CF1D76}"
EndProject
Project("{2150E333-8FDC-42A3-9474-1A3956D46DE8}") = "task4", "task4", "{B1074D39-81B2-4768-BFDD-94E94F75437B}"
EndProject
Project("{FAE04EC0-301F-11D3-BF4B-00C04F79EFBC}") = "Tyuiu.MotorovaDD.Sprint6.Task4.V26.Lib", "Tyuiu.MotorovaDD.Sprint6.Task4.V26.Lib\Tyuiu.MotorovaDD.Sprint6.Task4.V26.Lib.csproj", "{08D19712-4FA6-4E76-8B51-8EAFEC1BA519}"
EndProject
Project("{FAE04EC0-301F-11D3-BF4B-00C04F79EFBC}") = "Tyuiu.MotorovaDD.Sprint6.Task4.V26", "Tyuiu.MotorovaDD.Sprint6.Task4.V26\Tyuiu.MotorovaDD.Sprint6.Task4.V26.csproj", "{1E246B9B-62EE-45FC-BF9D-8B0037183967}"
EndProject
Project("{FAE04EC0-301F-11D3-BF4B-00C04F79EFBC}") = "Tyuiu.MotorovaDD.Sprint6.Task4.V26.Test", "Tyuiu.MotorovaDD.Sprint6.Task4.V26.Test\Tyuiu.MotorovaDD.Sprint6.Task4.V26.Test.csproj", "{6EF2FC53-47BA-4E01-9986-DADBE9B09BC5}"
EndProject
Project("{2150E333-8FDC-42A3-9474-1A3956D46DE8}") = "task5", "task5", "{B6AC8B7B-E6D3-49DA-8EFE-B028B9AF5F56}"
EndProject
Project("{FAE04EC0-301F-11D3-BF4B-00C04F79EFBC}") = "Tyuiu.MotorovaDD.Sprint6.Task5.V1.Lib", "Tyuiu.MotorovaDD.Sprint6.Task5.V1.Lib\Tyuiu.MotorovaDD.Sprint6.Task5.V1.Lib.csproj", "{FBFD3EC3-20DF-40F6-BF5D-48CE3DEA2BE5}"
EndProject
Project("{FAE04EC0-301F-11D3-BF4B-00C04F79EFBC}") = "Tyuiu.MotorovaDD.Sprint6.Task5.V1.Test", "Tyuiu.MotorovaDD.Sprint6.Task5.V1.Test\Tyuiu.MotorovaDD.Sprint6.Task5.V1.Test.csproj", "{57E77E89-7B23-4852-99A8-E1D437E3CB3B}"
EndProject
Project("{FAE04EC0-301F-11D3-BF4B-00C04F79EFBC}") = "Tyuiu.MotorovaDD.Sprint6.Task5.V1", "Tyuiu.MotorovaDD.Sprint6.Task5.V1\Tyuiu.MotorovaDD.Sprint6.Task5.V1.csproj", "{4519A96F-8322-469B-9D73-B94731EDCA8A}"
EndProject
Project("{2150E333-8FDC-42A3-9474-1A3956D46DE8}") = "task6", "task6", "{101FCDA1-7B3F-4AAB-9C90-D7135682895E}"
EndProject
Project("{FAE04EC0-301F-11D3-BF4B-00C04F79EFBC}") = "Tyuiu.MotorovaDD.Sprint6.Task6.V6", "Tyuiu.MotorovaDD.Sprint6.Task6.V6\Tyuiu.MotorovaDD.Sprint6.Task6.V6.csproj", "{A8BC2C37-AF5D-4A65-82CA-2C0B0E342DB5}"
EndProject
Project("{FAE04EC0-301F-11D3-BF4B-00C04F79EFBC}") = "Tyuiu.MotorovaDD.Sprint6.Task6.V6.Test", "Tyuiu.MotorovaDD.Sprint6.Task6.V6.Test\Tyuiu.MotorovaDD.Sprint6.Task6.V6.Test.csproj", "{823FCA28-EAF2-40E8-924A-A09FBF23B473}"
EndProject
Project("{FAE04EC0-301F-11D3-BF4B-00C04F79EFBC}") = "Tyuiu.MotorovaDD.Sprint6.Task6.V6.Lib", "Tyuiu.MotorovaDD.Sprint6.Task6.V6.Lib\Tyuiu.MotorovaDD.Sprint6.Task6.V6.Lib.csproj", "{87856CE2-547E-4D25-817D-AADB9C0C89E6}"
EndProject
Project("{2150E333-8FDC-42A3-9474-1A3956D46DE8}") = "task7", "task7", "{5B99A418-8C75-47FD-A921-442445E80D55}"
EndProject
Project("{FAE04EC0-301F-11D3-BF4B-00C04F79EFBC}") = "Tyuiu.MotorovaDD.Sprint6.Task7.V16", "Tyuiu.MotorovaDD.Sprint6.Task7.V16\Tyuiu.MotorovaDD.Sprint6.Task7.V16.csproj", "{542004BC-26EF-4018-952C-472147885414}"
EndProject
Project("{FAE04EC0-301F-11D3-BF4B-00C04F79EFBC}") = "Tyuiu.MotorovaDD.Sprint6.Task7.V16.Test", "Tyuiu.MotorovaDD.Sprint6.Task7.V16.Test\Tyuiu.MotorovaDD.Sprint6.Task7.V16.Test.csproj", "{2A909CF4-EB70-4095-A29B-E054C6A84C86}"
EndProject
Project("{FAE04EC0-301F-11D3-BF4B-00C04F79EFBC}") = "Tyuiu.MotorovaDD.Sprint6.Task7.V16.Lib", "Tyuiu.MotorovaDD.Sprint6.Task7.V16.Lib\Tyuiu.MotorovaDD.Sprint6.Task7.V16.Lib.csproj", "{21BDEA4E-8555-4BB1-838C-758593DDEBA8}"
EndProject
Global
	GlobalSection(SolutionConfigurationPlatforms) = preSolution
		Debug|Any CPU = Debug|Any CPU
		Release|Any CPU = Release|Any CPU
	EndGlobalSection
	GlobalSection(ProjectConfigurationPlatforms) = postSolution
		{FA120CF8-B1E8-4206-8F3C-E6FFC962E9D9}.Debug|Any CPU.ActiveCfg = Debug|Any CPU
		{FA120CF8-B1E8-4206-8F3C-E6FFC962E9D9}.Debug|Any CPU.Build.0 = Debug|Any CPU
		{FA120CF8-B1E8-4206-8F3C-E6FFC962E9D9}.Release|Any CPU.ActiveCfg = Release|Any CPU
		{FA120CF8-B1E8-4206-8F3C-E6FFC962E9D9}.Release|Any CPU.Build.0 = Release|Any CPU
		{E2221A2C-DCFC-406B-8896-D42D06044417}.Debug|Any CPU.ActiveCfg = Debug|Any CPU
		{E2221A2C-DCFC-406B-8896-D42D06044417}.Debug|Any CPU.Build.0 = Debug|Any CPU
		{E2221A2C-DCFC-406B-8896-D42D06044417}.Release|Any CPU.ActiveCfg = Release|Any CPU
		{E2221A2C-DCFC-406B-8896-D42D06044417}.Release|Any CPU.Build.0 = Release|Any CPU
		{A0706E7D-0EC3-40D0-A184-5EBCC1AC6DC8}.Debug|Any CPU.ActiveCfg = Debug|Any CPU
		{A0706E7D-0EC3-40D0-A184-5EBCC1AC6DC8}.Debug|Any CPU.Build.0 = Debug|Any CPU
		{A0706E7D-0EC3-40D0-A184-5EBCC1AC6DC8}.Release|Any CPU.ActiveCfg = Release|Any CPU
		{A0706E7D-0EC3-40D0-A184-5EBCC1AC6DC8}.Release|Any CPU.Build.0 = Release|Any CPU
		{054CFCFF-52A8-4249-98FA-7179485ED815}.Debug|Any CPU.ActiveCfg = Debug|Any CPU
		{054CFCFF-52A8-4249-98FA-7179485ED815}.Debug|Any CPU.Build.0 = Debug|Any CPU
		{054CFCFF-52A8-4249-98FA-7179485ED815}.Release|Any CPU.ActiveCfg = Release|Any CPU
		{054CFCFF-52A8-4249-98FA-7179485ED815}.Release|Any CPU.Build.0 = Release|Any CPU
		{D4B966AE-87CD-4EE9-B27F-FA9E2F5ACBB0}.Debug|Any CPU.ActiveCfg = Debug|Any CPU
		{D4B966AE-87CD-4EE9-B27F-FA9E2F5ACBB0}.Debug|Any CPU.Build.0 = Debug|Any CPU
		{D4B966AE-87CD-4EE9-B27F-FA9E2F5ACBB0}.Release|Any CPU.ActiveCfg = Release|Any CPU
		{D4B966AE-87CD-4EE9-B27F-FA9E2F5ACBB0}.Release|Any CPU.Build.0 = Release|Any CPU
		{D6D191BC-E178-4804-828E-035073CBD97E}.Debug|Any CPU.ActiveCfg = Debug|Any CPU
		{D6D191BC-E178-4804-828E-035073CBD97E}.Debug|Any CPU.Build.0 = Debug|Any CPU
		{D6D191BC-E178-4804-828E-035073CBD97E}.Release|Any CPU.ActiveCfg = Release|Any CPU
		{D6D191BC-E178-4804-828E-035073CBD97E}.Release|Any CPU.Build.0 = Release|Any CPU
		{C97D74D2-765A-480E-95D2-ECB0C8A33F1C}.Debug|Any CPU.ActiveCfg = Debug|Any CPU
		{C97D74D2-765A-480E-95D2-ECB0C8A33F1C}.Debug|Any CPU.Build.0 = Debug|Any CPU
		{C97D74D2-765A-480E-95D2-ECB0C8A33F1C}.Release|Any CPU.ActiveCfg = Release|Any CPU
		{C97D74D2-765A-480E-95D2-ECB0C8A33F1C}.Release|Any CPU.Build.0 = Release|Any CPU
		{9ED7ACF7-71FC-4424-B62E-D8D1BBF29B43}.Debug|Any CPU.ActiveCfg = Debug|Any CPU
		{9ED7ACF7-71FC-4424-B62E-D8D1BBF29B43}.Debug|Any CPU.Build.0 = Debug|Any CPU
		{9ED7ACF7-71FC-4424-B62E-D8D1BBF29B43}.Release|Any CPU.ActiveCfg = Release|Any CPU
		{9ED7ACF7-71FC-4424-B62E-D8D1BBF29B43}.Release|Any CPU.Build.0 = Release|Any CPU
		{C0A17504-FF91-4F84-9CB0-D3D9C642AF4A}.Debug|Any CPU.ActiveCfg = Debug|Any CPU
		{C0A17504-FF91-4F84-9CB0-D3D9C642AF4A}.Debug|Any CPU.Build.0 = Debug|Any CPU
		{C0A17504-FF91-4F84-9CB0-D3D9C642AF4A}.Release|Any CPU.ActiveCfg = Release|Any CPU
		{C0A17504-FF91-4F84-9CB0-D3D9C642AF4A}.Release|Any CPU.Build.0 = Release|Any CPU
		{5EDF3DAB-807C-41F3-A21F-191EE3407CE5}.Debug|Any CPU.ActiveCfg = Debug|Any CPU
		{5EDF3DAB-807C-41F3-A21F-191EE3407CE5}.Debug|Any CPU.Build.0 = Debug|Any CPU
		{5EDF3DAB-807C-41F3-A21F-191EE3407CE5}.Release|Any CPU.ActiveCfg = Release|Any CPU
		{5EDF3DAB-807C-41F3-A21F-191EE3407CE5}.Release|Any CPU.Build.0 = Release|Any CPU
		{0E9F7621-F2A0-4E6A-8C2E-816DF1FE0A62}.Debug|Any CPU.ActiveCfg = Debug|Any CPU
		{0E9F7621-F2A0-4E6A-8C2E-816DF1FE0A62}.Debug|Any CPU.Build.0 = Debug|Any CPU
		{0E9F7621-F2A0-4E6A-8C2E-816DF1FE0A62}.Release|Any CPU.ActiveCfg = Release|Any CPU
		{0E9F7621-F2A0-4E6A-8C2E-816DF1FE0A62}.Release|Any CPU.Build.0 = Release|Any CPU
		{B649F053-A905-43F3-92E1-A3A0B1CF1D76}.Debug|Any CPU.ActiveCfg = Debug|Any CPU
		{B649F053-A905-43F3-92E1-A3A0B1CF1D76}.Debug|Any CPU.Build.0 = Debug|Any CPU
		{B649F053-A905-43F3-92E1-A3A0B1CF1D76}.Release|Any CPU.ActiveCfg = Release|Any CPU
		{B649F053-A905-43F3-92E1-A3A0B1CF1D76}.Release|Any CPU.Build.0 = Release|Any CPU
		{08D19712-4FA6-4E76-8B51-8EAFEC1BA519}.Debug|Any CPU.ActiveCfg = Debug|Any CPU
		{08D19712-4FA6-4E76-8B51-8EAFEC1BA519}.Debug|Any CPU.Build.0 = Debug|Any CPU
		{08D19712-4FA6-4E76-8B51-8EAFEC1BA519}.Release|Any CPU.ActiveCfg = Release|Any CPU
		{08D19712-4FA6-4E76-8B51-8EAFEC1BA519}.Release|Any CPU.Build.0 = Release|Any CPU
		{1E246B9B-62EE-45FC-BF9D-8B0037183967}.Debug|Any CPU.ActiveCfg = Debug|Any CPU
		{1E246B9B-62EE-45FC-BF9D-8B0037183967}.Debug|Any CPU.Build.0 = Debug|Any CPU
		{1E246B9B-62EE-45FC-BF9D-8B0037183967}.Release|Any CPU.ActiveCfg = Release|Any CPU
		{1E246B9B-62EE-45FC-BF9D-8B0037183967}.Release|Any CPU.Build.0 = Release|Any CPU
		{6EF2FC53-47BA-4E01-9986-DADBE9B09BC5}.Debug|Any CPU.ActiveCfg = Debug|Any CPU
		{6EF2FC53-47BA-4E01-9986-DADBE9B09BC5}.Debug|Any CPU.Build.0 = Debug|Any CPU
		{6EF2FC53-47BA-4E01-9986-DADBE9B09BC5}.Release|Any CPU.ActiveCfg = Release|Any CPU
		{6EF2FC53-47BA-4E01-9986-DADBE9B09BC5}.Release|Any CPU.Build.0 = Release|Any CPU
		{FBFD3EC3-20DF-40F6-BF5D-48CE3DEA2BE5}.Debug|Any CPU.ActiveCfg = Debug|Any CPU
		{FBFD3EC3-20DF-40F6-BF5D-48CE3DEA2BE5}.Debug|Any CPU.Build.0 = Debug|Any CPU
		{FBFD3EC3-20DF-40F6-BF5D-48CE3DEA2BE5}.Release|Any CPU.ActiveCfg = Release|Any CPU
		{FBFD3EC3-20DF-40F6-BF5D-48CE3DEA2BE5}.Release|Any CPU.Build.0 = Release|Any CPU
		{57E77E89-7B23-4852-99A8-E1D437E3CB3B}.Debug|Any CPU.ActiveCfg = Debug|Any CPU
		{57E77E89-7B23-4852-99A8-E1D437E3CB3B}.Debug|Any CPU.Build.0 = Debug|Any CPU
		{57E77E89-7B23-4852-99A8-E1D437E3CB3B}.Release|Any CPU.ActiveCfg = Release|Any CPU
		{57E77E89-7B23-4852-99A8-E1D437E3CB3B}.Release|Any CPU.Build.0 = Release|Any CPU
		{4519A96F-8322-469B-9D73-B94731EDCA8A}.Debug|Any CPU.ActiveCfg = Debug|Any CPU
		{4519A96F-8322-469B-9D73-B94731EDCA8A}.Debug|Any CPU.Build.0 = Debug|Any CPU
		{4519A96F-8322-469B-9D73-B94731EDCA8A}.Release|Any CPU.ActiveCfg = Release|Any CPU
		{4519A96F-8322-469B-9D73-B94731EDCA8A}.Release|Any CPU.Build.0 = Release|Any CPU
		{A8BC2C37-AF5D-4A65-82CA-2C0B0E342DB5}.Debug|Any CPU.ActiveCfg = Debug|Any CPU
		{A8BC2C37-AF5D-4A65-82CA-2C0B0E342DB5}.Debug|Any CPU.Build.0 = Debug|Any CPU
		{A8BC2C37-AF5D-4A65-82CA-2C0B0E342DB5}.Release|Any CPU.ActiveCfg = Release|Any CPU
		{A8BC2C37-AF5D-4A65-82CA-2C0B0E342DB5}.Release|Any CPU.Build.0 = Release|Any CPU
		{823FCA28-EAF2-40E8-924A-A09FBF23B473}.Debug|Any CPU.ActiveCfg = Debug|Any CPU
		{823FCA28-EAF2-40E8-924A-A09FBF23B473}.Debug|Any CPU.Build.0 = Debug|Any CPU
		{823FCA28-EAF2-40E8-924A-A09FBF23B473}.Release|Any CPU.ActiveCfg = Release|Any CPU
		{823FCA28-EAF2-40E8-924A-A09FBF23B473}.Release|Any CPU.Build.0 = Release|Any CPU
		{87856CE2-547E-4D25-817D-AADB9C0C89E6}.Debug|Any CPU.ActiveCfg = Debug|Any CPU
		{87856CE2-547E-4D25-817D-AADB9C0C89E6}.Debug|Any CPU.Build.0 = Debug|Any CPU
		{87856CE2-547E-4D25-817D-AADB9C0C89E6}.Release|Any CPU.ActiveCfg = Release|Any CPU
		{87856CE2-547E-4D25-817D-AADB9C0C89E6}.Release|Any CPU.Build.0 = Release|Any CPU
		{542004BC-26EF-4018-952C-472147885414}.Debug|Any CPU.ActiveCfg = Debug|Any CPU
		{542004BC-26EF-4018-952C-472147885414}.Debug|Any CPU.Build.0 = Debug|Any CPU
		{542004BC-26EF-4018-952C-472147885414}.Release|Any CPU.ActiveCfg = Release|Any CPU
		{542004BC-26EF-4018-952C-472147885414}.Release|Any CPU.Build.0 = Release|Any CPU
		{2A909CF4-EB70-4095-A29B-E054C6A84C86}.Debug|Any CPU.ActiveCfg = Debug|Any CPU
		{2A909CF4-EB70-4095-A29B-E054C6A84C86}.Debug|Any CPU.Build.0 = Debug|Any CPU
		{2A909CF4-EB70-4095-A29B-E054C6A84C86}.Release|Any CPU.ActiveCfg = Release|Any CPU
		{2A909CF4-EB70-4095-A29B-E054C6A84C86}.Release|Any CPU.Build.0 = Release|Any CPU
		{21BDEA4E-8555-4BB1-838C-758593DDEBA8}.Debug|Any CPU.ActiveCfg = Debug|Any CPU
		{21BDEA4E-8555-4BB1-838C-758593DDEBA8}.Debug|Any CPU.Build.0 = Debug|Any CPU
		{21BDEA4E-8555-4BB1-838C-758593DDEBA8}.Release|Any CPU.ActiveCfg = Release|Any CPU
		{21BDEA4E-8555-4BB1-838C-758593DDEBA8}.Release|Any CPU.Build.0 = Release|Any CPU
	EndGlobalSection
	GlobalSection(SolutionProperties) = preSolution
		HideSolutionNode = FALSE
	EndGlobalSection
	GlobalSection(NestedProjects) = preSolution
		{FA120CF8-B1E8-4206-8F3C-E6FFC962E9D9} = {D4CA3FA5-4C9C-4DC9-8BBB-8F1D67F5C485}
		{E2221A2C-DCFC-406B-8896-D42D06044417} = {D4CA3FA5-4C9C-4DC9-8BBB-8F1D67F5C485}
		{A0706E7D-0EC3-40D0-A184-5EBCC1AC6DC8} = {D4CA3FA5-4C9C-4DC9-8BBB-8F1D67F5C485}
		{054CFCFF-52A8-4249-98FA-7179485ED815} = {306E9D12-E3DC-4A0B-8F61-90E810D2D913}
		{D4B966AE-87CD-4EE9-B27F-FA9E2F5ACBB0} = {306E9D12-E3DC-4A0B-8F61-90E810D2D913}
		{D6D191BC-E178-4804-828E-035073CBD97E} = {306E9D12-E3DC-4A0B-8F61-90E810D2D913}
		{C97D74D2-765A-480E-95D2-ECB0C8A33F1C} = {4B932045-3375-428F-9795-BED1702B1122}
		{9ED7ACF7-71FC-4424-B62E-D8D1BBF29B43} = {4B932045-3375-428F-9795-BED1702B1122}
		{C0A17504-FF91-4F84-9CB0-D3D9C642AF4A} = {4B932045-3375-428F-9795-BED1702B1122}
		{5EDF3DAB-807C-41F3-A21F-191EE3407CE5} = {80F946C6-3012-4D53-A0CF-771711B60AEC}
		{0E9F7621-F2A0-4E6A-8C2E-816DF1FE0A62} = {80F946C6-3012-4D53-A0CF-771711B60AEC}
		{B649F053-A905-43F3-92E1-A3A0B1CF1D76} = {80F946C6-3012-4D53-A0CF-771711B60AEC}
		{08D19712-4FA6-4E76-8B51-8EAFEC1BA519} = {B1074D39-81B2-4768-BFDD-94E94F75437B}
		{1E246B9B-62EE-45FC-BF9D-8B0037183967} = {B1074D39-81B2-4768-BFDD-94E94F75437B}
		{6EF2FC53-47BA-4E01-9986-DADBE9B09BC5} = {B1074D39-81B2-4768-BFDD-94E94F75437B}
		{FBFD3EC3-20DF-40F6-BF5D-48CE3DEA2BE5} = {B6AC8B7B-E6D3-49DA-8EFE-B028B9AF5F56}
		{57E77E89-7B23-4852-99A8-E1D437E3CB3B} = {B6AC8B7B-E6D3-49DA-8EFE-B028B9AF5F56}
		{4519A96F-8322-469B-9D73-B94731EDCA8A} = {B6AC8B7B-E6D3-49DA-8EFE-B028B9AF5F56}
		{A8BC2C37-AF5D-4A65-82CA-2C0B0E342DB5} = {101FCDA1-7B3F-4AAB-9C90-D7135682895E}
		{823FCA28-EAF2-40E8-924A-A09FBF23B473} = {101FCDA1-7B3F-4AAB-9C90-D7135682895E}
		{87856CE2-547E-4D25-817D-AADB9C0C89E6} = {101FCDA1-7B3F-4AAB-9C90-D7135682895E}
		{542004BC-26EF-4018-952C-472147885414} = {5B99A418-8C75-47FD-A921-442445E80D55}
		{2A909CF4-EB70-4095-A29B-E054C6A84C86} = {5B99A418-8C75-47FD-A921-442445E80D55}
		{21BDEA4E-8555-4BB1-838C-758593DDEBA8} = {5B99A418-8C75-47FD-A921-442445E80D55}
	EndGlobalSection
	GlobalSection(ExtensibilityGlobals) = postSolution
		SolutionGuid = {C11225D3-7F9C-446E-99C5-9FDA65AA981E}
	EndGlobalSection
EndGlobal
